// !$*UTF8*$!
{
	archiveVersion = 1;
	classes = {
	};
	objectVersion = 48;
	objects = {

/* Begin PBXBuildFile section */
		6C6D7154200E93F4003499B4 /* AppDelegate.swift in Sources */ = {isa = PBXBuildFile; fileRef = 6C6D7153200E93F4003499B4 /* AppDelegate.swift */; };
		6C6D7156200E93F4003499B4 /* ViewController.swift in Sources */ = {isa = PBXBuildFile; fileRef = 6C6D7155200E93F4003499B4 /* ViewController.swift */; };
		6C6D7159200E93F4003499B4 /* Main.storyboard in Resources */ = {isa = PBXBuildFile; fileRef = 6C6D7157200E93F4003499B4 /* Main.storyboard */; };
		6C6D715B200E93F4003499B4 /* Assets.xcassets in Resources */ = {isa = PBXBuildFile; fileRef = 6C6D715A200E93F4003499B4 /* Assets.xcassets */; };
		6C6D715E200E93F4003499B4 /* LaunchScreen.storyboard in Resources */ = {isa = PBXBuildFile; fileRef = 6C6D715C200E93F4003499B4 /* LaunchScreen.storyboard */; };
		6C6D7169200E93F5003499B4 /* Traffic_Light_AppTests.swift in Sources */ = {isa = PBXBuildFile; fileRef = 6C6D7168200E93F5003499B4 /* Traffic_Light_AppTests.swift */; };
		6C6D7174200E93F5003499B4 /* Traffic_Light_AppUITests.swift in Sources */ = {isa = PBXBuildFile; fileRef = 6C6D7173200E93F5003499B4 /* Traffic_Light_AppUITests.swift */; };
/* End PBXBuildFile section */

/* Begin PBXContainerItemProxy section */
		6C6D7165200E93F5003499B4 /* PBXContainerItemProxy */ = {
			isa = PBXContainerItemProxy;
			containerPortal = 6C6D7148200E93F3003499B4 /* Project object */;
			proxyType = 1;
			remoteGlobalIDString = 6C6D714F200E93F4003499B4;
			remoteInfo = "Traffic Light App";
		};
		6C6D7170200E93F5003499B4 /* PBXContainerItemProxy */ = {
			isa = PBXContainerItemProxy;
			containerPortal = 6C6D7148200E93F3003499B4 /* Project object */;
			proxyType = 1;
			remoteGlobalIDString = 6C6D714F200E93F4003499B4;
			remoteInfo = "Traffic Light App";
		};
/* End PBXContainerItemProxy section */

/* Begin PBXFileReference section */
		6C6D7150200E93F4003499B4 /* Traffic Light App.app */ = {isa = PBXFileReference; explicitFileType = wrapper.application; includeInIndex = 0; path = "Traffic Light App.app"; sourceTree = BUILT_PRODUCTS_DIR; };
		6C6D7153200E93F4003499B4 /* AppDelegate.swift */ = {isa = PBXFileReference; lastKnownFileType = sourcecode.swift; path = AppDelegate.swift; sourceTree = "<group>"; };
		6C6D7155200E93F4003499B4 /* ViewController.swift */ = {isa = PBXFileReference; lastKnownFileType = sourcecode.swift; path = ViewController.swift; sourceTree = "<group>"; };
		6C6D7158200E93F4003499B4 /* Base */ = {isa = PBXFileReference; lastKnownFileType = file.storyboard; name = Base; path = Base.lproj/Main.storyboard; sourceTree = "<group>"; };
		6C6D715A200E93F4003499B4 /* Assets.xcassets */ = {isa = PBXFileReference; lastKnownFileType = folder.assetcatalog; path = Assets.xcassets; sourceTree = "<group>"; };
		6C6D715D200E93F4003499B4 /* Base */ = {isa = PBXFileReference; lastKnownFileType = file.storyboard; name = Base; path = Base.lproj/LaunchScreen.storyboard; sourceTree = "<group>"; };
		6C6D715F200E93F4003499B4 /* Info.plist */ = {isa = PBXFileReference; lastKnownFileType = text.plist.xml; path = Info.plist; sourceTree = "<group>"; };
		6C6D7164200E93F5003499B4 /* Traffic Light AppTests.xctest */ = {isa = PBXFileReference; explicitFileType = wrapper.cfbundle; includeInIndex = 0; path = "Traffic Light AppTests.xctest"; sourceTree = BUILT_PRODUCTS_DIR; };
		6C6D7168200E93F5003499B4 /* Traffic_Light_AppTests.swift */ = {isa = PBXFileReference; lastKnownFileType = sourcecode.swift; path = Traffic_Light_AppTests.swift; sourceTree = "<group>"; };
		6C6D716A200E93F5003499B4 /* Info.plist */ = {isa = PBXFileReference; lastKnownFileType = text.plist.xml; path = Info.plist; sourceTree = "<group>"; };
		6C6D716F200E93F5003499B4 /* Traffic Light AppUITests.xctest */ = {isa = PBXFileReference; explicitFileType = wrapper.cfbundle; includeInIndex = 0; path = "Traffic Light AppUITests.xctest"; sourceTree = BUILT_PRODUCTS_DIR; };
		6C6D7173200E93F5003499B4 /* Traffic_Light_AppUITests.swift */ = {isa = PBXFileReference; lastKnownFileType = sourcecode.swift; path = Traffic_Light_AppUITests.swift; sourceTree = "<group>"; };
		6C6D7175200E93F5003499B4 /* Info.plist */ = {isa = PBXFileReference; lastKnownFileType = text.plist.xml; path = Info.plist; sourceTree = "<group>"; };
/* End PBXFileReference section */

/* Begin PBXFrameworksBuildPhase section */
		6C6D714D200E93F4003499B4 /* Frameworks */ = {
			isa = PBXFrameworksBuildPhase;
			buildActionMask = 2147483647;
			files = (
			);
			runOnlyForDeploymentPostprocessing = 0;
		};
		6C6D7161200E93F5003499B4 /* Frameworks */ = {
			isa = PBXFrameworksBuildPhase;
			buildActionMask = 2147483647;
			files = (
			);
			runOnlyForDeploymentPostprocessing = 0;
		};
		6C6D716C200E93F5003499B4 /* Frameworks */ = {
			isa = PBXFrameworksBuildPhase;
			buildActionMask = 2147483647;
			files = (
			);
			runOnlyForDeploymentPostprocessing = 0;
		};
/* End PBXFrameworksBuildPhase section */

/* Begin PBXGroup section */
		6C6D7147200E93F3003499B4 = {
			isa = PBXGroup;
			children = (
				6C6D7152200E93F4003499B4 /* Traffic Light App */,
				6C6D7167200E93F5003499B4 /* Traffic Light AppTests */,
				6C6D7172200E93F5003499B4 /* Traffic Light AppUITests */,
				6C6D7151200E93F4003499B4 /* Products */,
			);
			sourceTree = "<group>";
		};
		6C6D7151200E93F4003499B4 /* Products */ = {
			isa = PBXGroup;
			children = (
				6C6D7150200E93F4003499B4 /* Traffic Light App.app */,
				6C6D7164200E93F5003499B4 /* Traffic Light AppTests.xctest */,
				6C6D716F200E93F5003499B4 /* Traffic Light AppUITests.xctest */,
			);
			name = Products;
			sourceTree = "<group>";
		};
		6C6D7152200E93F4003499B4 /* Traffic Light App */ = {
			isa = PBXGroup;
			children = (
				6C6D7153200E93F4003499B4 /* AppDelegate.swift */,
				6C6D7155200E93F4003499B4 /* ViewController.swift */,
				6C6D7157200E93F4003499B4 /* Main.storyboard */,
				6C6D715A200E93F4003499B4 /* Assets.xcassets */,
				6C6D715C200E93F4003499B4 /* LaunchScreen.storyboard */,
				6C6D715F200E93F4003499B4 /* Info.plist */,
			);
			path = "Traffic Light App";
			sourceTree = "<group>";
		};
		6C6D7167200E93F5003499B4 /* Traffic Light AppTests */ = {
			isa = PBXGroup;
			children = (
				6C6D7168200E93F5003499B4 /* Traffic_Light_AppTests.swift */,
				6C6D716A200E93F5003499B4 /* Info.plist */,
			);
			path = "Traffic Light AppTests";
			sourceTree = "<group>";
		};
		6C6D7172200E93F5003499B4 /* Traffic Light AppUITests */ = {
			isa = PBXGroup;
			children = (
				6C6D7173200E93F5003499B4 /* Traffic_Light_AppUITests.swift */,
				6C6D7175200E93F5003499B4 /* Info.plist */,
			);
			path = "Traffic Light AppUITests";
			sourceTree = "<group>";
		};
/* End PBXGroup section */

/* Begin PBXNativeTarget section */
		6C6D714F200E93F4003499B4 /* Traffic Light App */ = {
			isa = PBXNativeTarget;
			buildConfigurationList = 6C6D7178200E93F5003499B4 /* Build configuration list for PBXNativeTarget "Traffic Light App" */;
			buildPhases = (
				6C6D714C200E93F4003499B4 /* Sources */,
				6C6D714D200E93F4003499B4 /* Frameworks */,
				6C6D714E200E93F4003499B4 /* Resources */,
			);
			buildRules = (
			);
			dependencies = (
			);
			name = "Traffic Light App";
			productName = "Traffic Light App";
			productReference = 6C6D7150200E93F4003499B4 /* Traffic Light App.app */;
			productType = "com.apple.product-type.application";
		};
		6C6D7163200E93F5003499B4 /* Traffic Light AppTests */ = {
			isa = PBXNativeTarget;
			buildConfigurationList = 6C6D717B200E93F5003499B4 /* Build configuration list for PBXNativeTarget "Traffic Light AppTests" */;
			buildPhases = (
				6C6D7160200E93F5003499B4 /* Sources */,
				6C6D7161200E93F5003499B4 /* Frameworks */,
				6C6D7162200E93F5003499B4 /* Resources */,
			);
			buildRules = (
			);
			dependencies = (
				6C6D7166200E93F5003499B4 /* PBXTargetDependency */,
			);
			name = "Traffic Light AppTests";
			productName = "Traffic Light AppTests";
			productReference = 6C6D7164200E93F5003499B4 /* Traffic Light AppTests.xctest */;
			productType = "com.apple.product-type.bundle.unit-test";
		};
		6C6D716E200E93F5003499B4 /* Traffic Light AppUITests */ = {
			isa = PBXNativeTarget;
			buildConfigurationList = 6C6D717E200E93F5003499B4 /* Build configuration list for PBXNativeTarget "Traffic Light AppUITests" */;
			buildPhases = (
				6C6D716B200E93F5003499B4 /* Sources */,
				6C6D716C200E93F5003499B4 /* Frameworks */,
				6C6D716D200E93F5003499B4 /* Resources */,
			);
			buildRules = (
			);
			dependencies = (
				6C6D7171200E93F5003499B4 /* PBXTargetDependency */,
			);
			name = "Traffic Light AppUITests";
			productName = "Traffic Light AppUITests";
			productReference = 6C6D716F200E93F5003499B4 /* Traffic Light AppUITests.xctest */;
			productType = "com.apple.product-type.bundle.ui-testing";
		};
/* End PBXNativeTarget section */

/* Begin PBXProject section */
		6C6D7148200E93F3003499B4 /* Project object */ = {
			isa = PBXProject;
			attributes = {
				LastSwiftUpdateCheck = 0920;
				LastUpgradeCheck = 0920;
				ORGANIZATIONNAME = "A la carte Apps";
				TargetAttributes = {
					6C6D714F200E93F4003499B4 = {
						CreatedOnToolsVersion = 9.2;
						ProvisioningStyle = Automatic;
					};
					6C6D7163200E93F5003499B4 = {
						CreatedOnToolsVersion = 9.2;
						ProvisioningStyle = Automatic;
						TestTargetID = 6C6D714F200E93F4003499B4;
					};
					6C6D716E200E93F5003499B4 = {
						CreatedOnToolsVersion = 9.2;
						ProvisioningStyle = Automatic;
						TestTargetID = 6C6D714F200E93F4003499B4;
					};
				};
			};
			buildConfigurationList = 6C6D714B200E93F3003499B4 /* Build configuration list for PBXProject "Traffic Light App" */;
			compatibilityVersion = "Xcode 8.0";
			developmentRegion = en;
			hasScannedForEncodings = 0;
			knownRegions = (
				en,
				Base,
			);
			mainGroup = 6C6D7147200E93F3003499B4;
			productRefGroup = 6C6D7151200E93F4003499B4 /* Products */;
			projectDirPath = "";
			projectRoot = "";
			targets = (
				6C6D714F200E93F4003499B4 /* Traffic Light App */,
				6C6D7163200E93F5003499B4 /* Traffic Light AppTests */,
				6C6D716E200E93F5003499B4 /* Traffic Light AppUITests */,
			);
		};
/* End PBXProject section */

/* Begin PBXResourcesBuildPhase section */
		6C6D714E200E93F4003499B4 /* Resources */ = {
			isa = PBXResourcesBuildPhase;
			buildActionMask = 2147483647;
			files = (
				6C6D715E200E93F4003499B4 /* LaunchScreen.storyboard in Resources */,
				6C6D715B200E93F4003499B4 /* Assets.xcassets in Resources */,
				6C6D7159200E93F4003499B4 /* Main.storyboard in Resources */,
			);
			runOnlyForDeploymentPostprocessing = 0;
		};
		6C6D7162200E93F5003499B4 /* Resources */ = {
			isa = PBXResourcesBuildPhase;
			buildActionMask = 2147483647;
			files = (
			);
			runOnlyForDeploymentPostprocessing = 0;
		};
		6C6D716D200E93F5003499B4 /* Resources */ = {
			isa = PBXResourcesBuildPhase;
			buildActionMask = 2147483647;
			files = (
			);
			runOnlyForDeploymentPostprocessing = 0;
		};
/* End PBXResourcesBuildPhase section */

/* Begin PBXSourcesBuildPhase section */
		6C6D714C200E93F4003499B4 /* Sources */ = {
			isa = PBXSourcesBuildPhase;
			buildActionMask = 2147483647;
			files = (
				6C6D7156200E93F4003499B4 /* ViewController.swift in Sources */,
				6C6D7154200E93F4003499B4 /* AppDelegate.swift in Sources */,
			);
			runOnlyForDeploymentPostprocessing = 0;
		};
		6C6D7160200E93F5003499B4 /* Sources */ = {
			isa = PBXSourcesBuildPhase;
			buildActionMask = 2147483647;
			files = (
				6C6D7169200E93F5003499B4 /* Traffic_Light_AppTests.swift in Sources */,
			);
			runOnlyForDeploymentPostprocessing = 0;
		};
		6C6D716B200E93F5003499B4 /* Sources */ = {
			isa = PBXSourcesBuildPhase;
			buildActionMask = 2147483647;
			files = (
				6C6D7174200E93F5003499B4 /* Traffic_Light_AppUITests.swift in Sources */,
			);
			runOnlyForDeploymentPostprocessing = 0;
		};
/* End PBXSourcesBuildPhase section */

/* Begin PBXTargetDependency section */
		6C6D7166200E93F5003499B4 /* PBXTargetDependency */ = {
			isa = PBXTargetDependency;
			target = 6C6D714F200E93F4003499B4 /* Traffic Light App */;
			targetProxy = 6C6D7165200E93F5003499B4 /* PBXContainerItemProxy */;
		};
		6C6D7171200E93F5003499B4 /* PBXTargetDependency */ = {
			isa = PBXTargetDependency;
			target = 6C6D714F200E93F4003499B4 /* Traffic Light App */;
			targetProxy = 6C6D7170200E93F5003499B4 /* PBXContainerItemProxy */;
		};
/* End PBXTargetDependency section */

/* Begin PBXVariantGroup section */
		6C6D7157200E93F4003499B4 /* Main.storyboard */ = {
			isa = PBXVariantGroup;
			children = (
				6C6D7158200E93F4003499B4 /* Base */,
			);
			name = Main.storyboard;
			sourceTree = "<group>";
		};
		6C6D715C200E93F4003499B4 /* LaunchScreen.storyboard */ = {
			isa = PBXVariantGroup;
			children = (
				6C6D715D200E93F4003499B4 /* Base */,
			);
			name = LaunchScreen.storyboard;
			sourceTree = "<group>";
		};
/* End PBXVariantGroup section */

/* Begin XCBuildConfiguration section */
		6C6D7176200E93F5003499B4 /* Debug */ = {
			isa = XCBuildConfiguration;
			buildSettings = {
				ALWAYS_SEARCH_USER_PATHS = NO;
				CLANG_ANALYZER_NONNULL = YES;
				CLANG_ANALYZER_NUMBER_OBJECT_CONVERSION = YES_AGGRESSIVE;
				CLANG_CXX_LANGUAGE_STANDARD = "gnu++14";
				CLANG_CXX_LIBRARY = "libc++";
				CLANG_ENABLE_MODULES = YES;
				CLANG_ENABLE_OBJC_ARC = YES;
				CLANG_WARN_BLOCK_CAPTURE_AUTORELEASING = YES;
				CLANG_WARN_BOOL_CONVERSION = YES;
				CLANG_WARN_COMMA = YES;
				CLANG_WARN_CONSTANT_CONVERSION = YES;
				CLANG_WARN_DIRECT_OBJC_ISA_USAGE = YES_ERROR;
				CLANG_WARN_DOCUMENTATION_COMMENTS = YES;
				CLANG_WARN_EMPTY_BODY = YES;
				CLANG_WARN_ENUM_CONVERSION = YES;
				CLANG_WARN_INFINITE_RECURSION = YES;
				CLANG_WARN_INT_CONVERSION = YES;
				CLANG_WARN_NON_LITERAL_NULL_CONVERSION = YES;
				CLANG_WARN_OBJC_LITERAL_CONVERSION = YES;
				CLANG_WARN_OBJC_ROOT_CLASS = YES_ERROR;
				CLANG_WARN_RANGE_LOOP_ANALYSIS = YES;
				CLANG_WARN_STRICT_PROTOTYPES = YES;
				CLANG_WARN_SUSPICIOUS_MOVE = YES;
				CLANG_WARN_UNGUARDED_AVAILABILITY = YES_AGGRESSIVE;
				CLANG_WARN_UNREACHABLE_CODE = YES;
				CLANG_WARN__DUPLICATE_METHOD_MATCH = YES;
				CODE_SIGN_IDENTITY = "iPhone Developer";
				COPY_PHASE_STRIP = NO;
				DEBUG_INFORMATION_FORMAT = dwarf;
				ENABLE_STRICT_OBJC_MSGSEND = YES;
				ENABLE_TESTABILITY = YES;
				GCC_C_LANGUAGE_STANDARD = gnu11;
				GCC_DYNAMIC_NO_PIC = NO;
				GCC_NO_COMMON_BLOCKS = YES;
				GCC_OPTIMIZATION_LEVEL = 0;
				GCC_PREPROCESSOR_DEFINITIONS = (
					"DEBUG=1",
					"$(inherited)",
				);
				GCC_WARN_64_TO_32_BIT_CONVERSION = YES;
				GCC_WARN_ABOUT_RETURN_TYPE = YES_ERROR;
				GCC_WARN_UNDECLARED_SELECTOR = YES;
				GCC_WARN_UNINITIALIZED_AUTOS = YES_AGGRESSIVE;
				GCC_WARN_UNUSED_FUNCTION = YES;
				GCC_WARN_UNUSED_VARIABLE = YES;
				IPHONEOS_DEPLOYMENT_TARGET = 11.2;
				MTL_ENABLE_DEBUG_INFO = YES;
				ONLY_ACTIVE_ARCH = YES;
				SDKROOT = iphoneos;
				SWIFT_ACTIVE_COMPILATION_CONDITIONS = DEBUG;
				SWIFT_OPTIMIZATION_LEVEL = "-Onone";
			};
			name = Debug;
		};
		6C6D7177200E93F5003499B4 /* Release */ = {
			isa = XCBuildConfiguration;
			buildSettings = {
				ALWAYS_SEARCH_USER_PATHS = NO;
				CLANG_ANALYZER_NONNULL = YES;
				CLANG_ANALYZER_NUMBER_OBJECT_CONVERSION = YES_AGGRESSIVE;
				CLANG_CXX_LANGUAGE_STANDARD = "gnu++14";
				CLANG_CXX_LIBRARY = "libc++";
				CLANG_ENABLE_MODULES = YES;
				CLANG_ENABLE_OBJC_ARC = YES;
				CLANG_WARN_BLOCK_CAPTURE_AUTORELEASING = YES;
				CLANG_WARN_BOOL_CONVERSION = YES;
				CLANG_WARN_COMMA = YES;
				CLANG_WARN_CONSTANT_CONVERSION = YES;
				CLANG_WARN_DIRECT_OBJC_ISA_USAGE = YES_ERROR;
				CLANG_WARN_DOCUMENTATION_COMMENTS = YES;
				CLANG_WARN_EMPTY_BODY = YES;
				CLANG_WARN_ENUM_CONVERSION = YES;
				CLANG_WARN_INFINITE_RECURSION = YES;
				CLANG_WARN_INT_CONVERSION = YES;
				CLANG_WARN_NON_LITERAL_NULL_CONVERSION = YES;
				CLANG_WARN_OBJC_LITERAL_CONVERSION = YES;
				CLANG_WARN_OBJC_ROOT_CLASS = YES_ERROR;
				CLANG_WARN_RANGE_LOOP_ANALYSIS = YES;
				CLANG_WARN_STRICT_PROTOTYPES = YES;
				CLANG_WARN_SUSPICIOUS_MOVE = YES;
				CLANG_WARN_UNGUARDED_AVAILABILITY = YES_AGGRESSIVE;
				CLANG_WARN_UNREACHABLE_CODE = YES;
				CLANG_WARN__DUPLICATE_METHOD_MATCH = YES;
				CODE_SIGN_IDENTITY = "iPhone Developer";
				COPY_PHASE_STRIP = NO;
				DEBUG_INFORMATION_FORMAT = "dwarf-with-dsym";
				ENABLE_NS_ASSERTIONS = NO;
				ENABLE_STRICT_OBJC_MSGSEND = YES;
				GCC_C_LANGUAGE_STANDARD = gnu11;
				GCC_NO_COMMON_BLOCKS = YES;
				GCC_WARN_64_TO_32_BIT_CONVERSION = YES;
				GCC_WARN_ABOUT_RETURN_TYPE = YES_ERROR;
				GCC_WARN_UNDECLARED_SELECTOR = YES;
				GCC_WARN_UNINITIALIZED_AUTOS = YES_AGGRESSIVE;
				GCC_WARN_UNUSED_FUNCTION = YES;
				GCC_WARN_UNUSED_VARIABLE = YES;
				IPHONEOS_DEPLOYMENT_TARGET = 11.2;
				MTL_ENABLE_DEBUG_INFO = NO;
				SDKROOT = iphoneos;
				SWIFT_OPTIMIZATION_LEVEL = "-Owholemodule";
				VALIDATE_PRODUCT = YES;
			};
			name = Release;
		};
		6C6D7179200E93F5003499B4 /* Debug */ = {
			isa = XCBuildConfiguration;
			buildSettings = {
				ASSETCATALOG_COMPILER_APPICON_NAME = AppIcon;
				CODE_SIGN_STYLE = Automatic;
				DEVELOPMENT_TEAM = KS9NSE3TC6;
				INFOPLIST_FILE = "Traffic Light App/Info.plist";
				LD_RUNPATH_SEARCH_PATHS = "$(inherited) @executable_path/Frameworks";
				PRODUCT_BUNDLE_IDENTIFIER = "A-la-carte-Apps.Traffic-Light-App";
				PRODUCT_NAME = "$(TARGET_NAME)";
				SWIFT_VERSION = 4.0;
				TARGETED_DEVICE_FAMILY = "1,2";
			};
			name = Debug;
		};
		6C6D717A200E93F5003499B4 /* Release */ = {
			isa = XCBuildConfiguration;
			buildSettings = {
				ASSETCATALOG_COMPILER_APPICON_NAME = AppIcon;
				CODE_SIGN_STYLE = Automatic;
				DEVELOPMENT_TEAM = KS9NSE3TC6;
				INFOPLIST_FILE = "Traffic Light App/Info.plist";
				LD_RUNPATH_SEARCH_PATHS = "$(inherited) @executable_path/Frameworks";
				PRODUCT_BUNDLE_IDENTIFIER = "A-la-carte-Apps.Traffic-Light-App";
				PRODUCT_NAME = "$(TARGET_NAME)";
				SWIFT_VERSION = 4.0;
				TARGETED_DEVICE_FAMILY = "1,2";
			};
			name = Release;
		};
		6C6D717C200E93F5003499B4 /* Debug */ = {
			isa = XCBuildConfiguration;
			buildSettings = {
				ALWAYS_EMBED_SWIFT_STANDARD_LIBRARIES = YES;
				BUNDLE_LOADER = "$(TEST_HOST)";
				CODE_SIGN_STYLE = Automatic;
				DEVELOPMENT_TEAM = KS9NSE3TC6;
				INFOPLIST_FILE = "Traffic Light AppTests/Info.plist";
				LD_RUNPATH_SEARCH_PATHS = "$(inherited) @executable_path/Frameworks @loader_path/Frameworks";
				PRODUCT_BUNDLE_IDENTIFIER = "A-la-carte-Apps.Traffic-Light-AppTests";
				PRODUCT_NAME = "$(TARGET_NAME)";
				SWIFT_VERSION = 4.0;
				TARGETED_DEVICE_FAMILY = "1,2";
				TEST_HOST = "$(BUILT_PRODUCTS_DIR)/Traffic Light App.app/Traffic Light App";
			};
			name = Debug;
		};
		6C6D717D200E93F5003499B4 /* Release */ = {
			isa = XCBuildConfiguration;
			buildSettings = {
				ALWAYS_EMBED_SWIFT_STANDARD_LIBRARIES = YES;
				BUNDLE_LOADER = "$(TEST_HOST)";
				CODE_SIGN_STYLE = Automatic;
				DEVELOPMENT_TEAM = KS9NSE3TC6;
				INFOPLIST_FILE = "Traffic Light AppTests/Info.plist";
				LD_RUNPATH_SEARCH_PATHS = "$(inherited) @executable_path/Frameworks @loader_path/Frameworks";
				PRODUCT_BUNDLE_IDENTIFIER = "A-la-carte-Apps.Traffic-Light-AppTests";
				PRODUCT_NAME = "$(TARGET_NAME)";
				SWIFT_VERSION = 4.0;
				TARGETED_DEVICE_FAMILY = "1,2";
				TEST_HOST = "$(BUILT_PRODUCTS_DIR)/Traffic Light App.app/Traffic Light App";
			};
			name = Release;
		};
		6C6D717F200E93F5003499B4 /* Debug */ = {
			isa = XCBuildConfiguration;
			buildSettings = {
				ALWAYS_EMBED_SWIFT_STANDARD_LIBRARIES = YES;
				CODE_SIGN_STYLE = Automatic;
				DEVELOPMENT_TEAM = KS9NSE3TC6;
				INFOPLIST_FILE = "Traffic Light AppUITests/Info.plist";
				LD_RUNPATH_SEARCH_PATHS = "$(inherited) @executable_path/Frameworks @loader_path/Frameworks";
				PRODUCT_BUNDLE_IDENTIFIER = "A-la-carte-Apps.Traffic-Light-AppUITests";
				PRODUCT_NAME = "$(TARGET_NAME)";
				SWIFT_VERSION = 4.0;
				TARGETED_DEVICE_FAMILY = "1,2";
				TEST_TARGET_NAME = "Traffic Light App";
			};
			name = Debug;
		};
		6C6D7180200E93F5003499B4 /* Release */ = {
			isa = XCBuildConfiguration;
			buildSettings = {
				ALWAYS_EMBED_SWIFT_STANDARD_LIBRARIES = YES;
				CODE_SIGN_STYLE = Automatic;
				DEVELOPMENT_TEAM = KS9NSE3TC6;
				INFOPLIST_FILE = "Traffic Light AppUITests/Info.plist";
				LD_RUNPATH_SEARCH_PATHS = "$(inherited) @executable_path/Frameworks @loader_path/Frameworks";
				PRODUCT_BUNDLE_IDENTIFIER = "A-la-carte-Apps.Traffic-Light-AppUITests";
				PRODUCT_NAME = "$(TARGET_NAME)";
				SWIFT_VERSION = 4.0;
				TARGETED_DEVICE_FAMILY = "1,2";
				TEST_TARGET_NAME = "Traffic Light App";
			};
			name = Release;
		};
/* End XCBuildConfiguration section */

/* Begin XCConfigurationList section */
		6C6D714B200E93F3003499B4 /* Build configuration list for PBXProject "Traffic Light App" */ = {
			isa = XCConfigurationList;
			buildConfigurations = (
				6C6D7176200E93F5003499B4 /* Debug */,
				6C6D7177200E93F5003499B4 /* Release */,
			);
			defaultConfigurationIsVisible = 0;
			defaultConfigurationName = Release;
		};
		6C6D7178200E93F5003499B4 /* Build configuration list for PBXNativeTarget "Traffic Light App" */ = {
			isa = XCConfigurationList;
			buildConfigurations = (
				6C6D7179200E93F5003499B4 /* Debug */,
				6C6D717A200E93F5003499B4 /* Release */,
			);
			defaultConfigurationIsVisible = 0;
			defaultConfigurationName = Release;
		};
		6C6D717B200E93F5003499B4 /* Build configuration list for PBXNativeTarget "Traffic Light AppTests" */ = {
			isa = XCConfigurationList;
			buildConfigurations = (
				6C6D717C200E93F5003499B4 /* Debug */,
				6C6D717D200E93F5003499B4 /* Release */,
			);
			defaultConfigurationIsVisible = 0;
			defaultConfigurationName = Release;
		};
		6C6D717E200E93F5003499B4 /* Build configuration list for PBXNativeTarget "Traffic Light AppUITests" */ = {
			isa = XCConfigurationList;
			buildConfigurations = (
				6C6D717F200E93F5003499B4 /* Debug */,
				6C6D7180200E93F5003499B4 /* Release */,
			);
			defaultConfigurationIsVisible = 0;
			defaultConfigurationName = Release;
		};
/* End XCConfigurationList section */
	};
	rootObject = 6C6D7148200E93F3003499B4 /* Project object */;
}
